
Microsoft Visual Studio Solution File, Format Version 12.00
# Visual Studio Version 16
VisualStudioVersion = 16.0.808.0
MinimumVisualStudioVersion = 10.0.40219.1
Project("{2150E333-8FDC-42A3-9474-1A3956D46DE8}") = "Services", "Services", "{46A1A2A9-25DB-4ABE-8DB8-97C857D07530}"
EndProject
Project("{2150E333-8FDC-42A3-9474-1A3956D46DE8}") = "WebApps", "WebApps", "{45FB8583-A3F7-4F8A-8A6B-BB306B8E66A3}"
EndProject
Project("{2150E333-8FDC-42A3-9474-1A3956D46DE8}") = "Cadastros", "Cadastros", "{83071DE0-8971-4D12-BA8E-CDC1A01AADDF}"
EndProject
Project("{2150E333-8FDC-42A3-9474-1A3956D46DE8}") = "Catalago", "Catalago", "{E24139F4-B305-40D4-98D6-E8FCF35961A2}"
EndProject
Project("{2150E333-8FDC-42A3-9474-1A3956D46DE8}") = "Core", "Core", "{985B529E-1B54-4EFE-B5FD-B97DF0AA9D3D}"
EndProject
Project("{2150E333-8FDC-42A3-9474-1A3956D46DE8}") = "Fiscal", "Fiscal", "{AD7975C9-4057-4989-824D-5973966ACDA5}"
EndProject
Project("{2150E333-8FDC-42A3-9474-1A3956D46DE8}") = "Pagamentos", "Pagamentos", "{57BB2728-6B34-4630-8C84-763ABE8DA932}"
EndProject
Project("{2150E333-8FDC-42A3-9474-1A3956D46DE8}") = "Vendas", "Vendas", "{FBA2009B-06E4-4D2F-94A7-8F9476FEDBD6}"
EndProject
Project("{2150E333-8FDC-42A3-9474-1A3956D46DE8}") = "tests", "tests", "{F7267BE2-C1EF-4B2C-BEF3-9BF91BCAB60E}"
EndProject
Project("{FAE04EC0-301F-11D3-BF4B-00C04F79EFBC}") = "NerdStore.Catalogo.Domain.Tests", "tests\NerdStore.Catalogo.Domain.Tests\NerdStore.Catalogo.Domain.Tests.csproj", "{93527F93-54C8-4DB0-A796-E059E680D191}"
EndProject
Project("{FAE04EC0-301F-11D3-BF4B-00C04F79EFBC}") = "NerdStore.Catalogo.Domain", "src\NerdStore.Catalogo.Domain\NerdStore.Catalogo.Domain.csproj", "{64B12CF6-2DDA-40E6-81B0-AA90089430B1}"
EndProject
Project("{FAE04EC0-301F-11D3-BF4B-00C04F79EFBC}") = "NerdStore.Core", "src\NerdStore.Core\NerdStore.Core.csproj", "{706D2F84-CFC3-4DFD-8078-652E8F7D3C7B}"
EndProject
Project("{FAE04EC0-301F-11D3-BF4B-00C04F79EFBC}") = "NerdStore.Catalogo.Data", "src\NerdStore.Catalogo.Data\NerdStore.Catalogo.Data.csproj", "{B6F08AE0-4DD3-42A2-BD6F-09FA20DDA404}"
EndProject
Project("{FAE04EC0-301F-11D3-BF4B-00C04F79EFBC}") = "NerdStore.Catalogo.Application", "src\NerdStore.Catalogo.Application\NerdStore.Catalogo.Application.csproj", "{A7754B6A-BE44-4454-8274-54CC5539D5D1}"
EndProject
Project("{FAE04EC0-301F-11D3-BF4B-00C04F79EFBC}") = "NerdStore.WebApp.MVC", "src\NerdStore.WebApp.MVC\NerdStore.WebApp.MVC.csproj", "{69B0B3B2-1109-44C4-9AF8-2ED3164F87F1}"
EndProject
Global
	GlobalSection(SolutionConfigurationPlatforms) = preSolution
		Debug|Any CPU = Debug|Any CPU
		Release|Any CPU = Release|Any CPU
	EndGlobalSection
	GlobalSection(ProjectConfigurationPlatforms) = postSolution
		{93527F93-54C8-4DB0-A796-E059E680D191}.Debug|Any CPU.ActiveCfg = Debug|Any CPU
		{93527F93-54C8-4DB0-A796-E059E680D191}.Debug|Any CPU.Build.0 = Debug|Any CPU
		{93527F93-54C8-4DB0-A796-E059E680D191}.Release|Any CPU.ActiveCfg = Release|Any CPU
		{93527F93-54C8-4DB0-A796-E059E680D191}.Release|Any CPU.Build.0 = Release|Any CPU
		{64B12CF6-2DDA-40E6-81B0-AA90089430B1}.Debug|Any CPU.ActiveCfg = Debug|Any CPU
		{64B12CF6-2DDA-40E6-81B0-AA90089430B1}.Debug|Any CPU.Build.0 = Debug|Any CPU
		{64B12CF6-2DDA-40E6-81B0-AA90089430B1}.Release|Any CPU.ActiveCfg = Release|Any CPU
		{64B12CF6-2DDA-40E6-81B0-AA90089430B1}.Release|Any CPU.Build.0 = Release|Any CPU
		{706D2F84-CFC3-4DFD-8078-652E8F7D3C7B}.Debug|Any CPU.ActiveCfg = Debug|Any CPU
		{706D2F84-CFC3-4DFD-8078-652E8F7D3C7B}.Debug|Any CPU.Build.0 = Debug|Any CPU
		{706D2F84-CFC3-4DFD-8078-652E8F7D3C7B}.Release|Any CPU.ActiveCfg = Release|Any CPU
		{706D2F84-CFC3-4DFD-8078-652E8F7D3C7B}.Release|Any CPU.Build.0 = Release|Any CPU
		{B6F08AE0-4DD3-42A2-BD6F-09FA20DDA404}.Debug|Any CPU.ActiveCfg = Debug|Any CPU
		{B6F08AE0-4DD3-42A2-BD6F-09FA20DDA404}.Debug|Any CPU.Build.0 = Debug|Any CPU
		{B6F08AE0-4DD3-42A2-BD6F-09FA20DDA404}.Release|Any CPU.ActiveCfg = Release|Any CPU
		{B6F08AE0-4DD3-42A2-BD6F-09FA20DDA404}.Release|Any CPU.Build.0 = Release|Any CPU
		{A7754B6A-BE44-4454-8274-54CC5539D5D1}.Debug|Any CPU.ActiveCfg = Debug|Any CPU
		{A7754B6A-BE44-4454-8274-54CC5539D5D1}.Debug|Any CPU.Build.0 = Debug|Any CPU
		{A7754B6A-BE44-4454-8274-54CC5539D5D1}.Release|Any CPU.ActiveCfg = Release|Any CPU
		{A7754B6A-BE44-4454-8274-54CC5539D5D1}.Release|Any CPU.Build.0 = Release|Any CPU
		{69B0B3B2-1109-44C4-9AF8-2ED3164F87F1}.Debug|Any CPU.ActiveCfg = Debug|Any CPU
		{69B0B3B2-1109-44C4-9AF8-2ED3164F87F1}.Debug|Any CPU.Build.0 = Debug|Any CPU
		{69B0B3B2-1109-44C4-9AF8-2ED3164F87F1}.Release|Any CPU.ActiveCfg = Release|Any CPU
		{69B0B3B2-1109-44C4-9AF8-2ED3164F87F1}.Release|Any CPU.Build.0 = Release|Any CPU
	EndGlobalSection
	GlobalSection(SolutionProperties) = preSolution
		HideSolutionNode = FALSE
	EndGlobalSection
	GlobalSection(ExtensibilityGlobals) = postSolution
		SolutionGuid = {5045577E-89AA-4BC3-AD54-FDFC3E4D9750}
	EndGlobalSection
	GlobalSection(NestedProjects) = preSolution
		{83071DE0-8971-4D12-BA8E-CDC1A01AADDF} = {46A1A2A9-25DB-4ABE-8DB8-97C857D07530}
		{E24139F4-B305-40D4-98D6-E8FCF35961A2} = {46A1A2A9-25DB-4ABE-8DB8-97C857D07530}
		{985B529E-1B54-4EFE-B5FD-B97DF0AA9D3D} = {46A1A2A9-25DB-4ABE-8DB8-97C857D07530}
		{AD7975C9-4057-4989-824D-5973966ACDA5} = {46A1A2A9-25DB-4ABE-8DB8-97C857D07530}
		{57BB2728-6B34-4630-8C84-763ABE8DA932} = {46A1A2A9-25DB-4ABE-8DB8-97C857D07530}
		{FBA2009B-06E4-4D2F-94A7-8F9476FEDBD6} = {46A1A2A9-25DB-4ABE-8DB8-97C857D07530}
		{F7267BE2-C1EF-4B2C-BEF3-9BF91BCAB60E} = {E24139F4-B305-40D4-98D6-E8FCF35961A2}
		{93527F93-54C8-4DB0-A796-E059E680D191} = {F7267BE2-C1EF-4B2C-BEF3-9BF91BCAB60E}
		{64B12CF6-2DDA-40E6-81B0-AA90089430B1} = {E24139F4-B305-40D4-98D6-E8FCF35961A2}
		{706D2F84-CFC3-4DFD-8078-652E8F7D3C7B} = {985B529E-1B54-4EFE-B5FD-B97DF0AA9D3D}
		{B6F08AE0-4DD3-42A2-BD6F-09FA20DDA404} = {E24139F4-B305-40D4-98D6-E8FCF35961A2}
		{A7754B6A-BE44-4454-8274-54CC5539D5D1} = {E24139F4-B305-40D4-98D6-E8FCF35961A2}
		{69B0B3B2-1109-44C4-9AF8-2ED3164F87F1} = {45FB8583-A3F7-4F8A-8A6B-BB306B8E66A3}
	EndGlobalSection
EndGlobal
